
Microsoft Visual Studio Solution File, Format Version 12.00
# Visual Studio Version 17
VisualStudioVersion = 17.12.35527.113 d17.12
MinimumVisualStudioVersion = 10.0.40219.1
Project("{8BC9CEB8-8B4A-11D0-8D11-00A0C91BC942}") = "PrismTextureStreamerFB", "PrismTextureStreamerFB\PrismTextureStreamerFB.vcxproj", "{DA650FF5-85B7-4509-A8A7-951911215275}"
EndProject
Project("{FAE04EC0-301F-11D3-BF4B-00C04F79EFBC}") = "PrismMediaClient", "PrismMediaClient\PrismMediaClient.csproj", "{F614DFF2-BD8E-4C86-9791-B849C78CD73D}"
EndProject
Project("{8BC9CEB8-8B4A-11D0-8D11-00A0C91BC942}") = "PrismCameraBridge", "PrismCameraBridge\PrismCameraBridge.vcxproj", "{4FA29687-A240-40F4-9C10-67C7D5F16F23}"
EndProject
Project("{FAE04EC0-301F-11D3-BF4B-00C04F79EFBC}") = "PrismCameraMonitor", "PrismCameraMonitor\PrismCameraMonitor.csproj", "{E67BD814-C594-43B2-A69C-F5A85F2678F6}"
EndProject
Global
	GlobalSection(SolutionConfigurationPlatforms) = preSolution
		Debug|x64 = Debug|x64
		Debug|x86 = Debug|x86
		Release|x64 = Release|x64
		Release|x86 = Release|x86
	EndGlobalSection
	GlobalSection(ProjectConfigurationPlatforms) = postSolution
		{DA650FF5-85B7-4509-A8A7-951911215275}.Debug|x64.ActiveCfg = Debug|x64
		{DA650FF5-85B7-4509-A8A7-951911215275}.Debug|x64.Build.0 = Debug|x64
		{DA650FF5-85B7-4509-A8A7-951911215275}.Debug|x86.ActiveCfg = Debug|Win32
		{DA650FF5-85B7-4509-A8A7-951911215275}.Debug|x86.Build.0 = Debug|Win32
		{DA650FF5-85B7-4509-A8A7-951911215275}.Release|x64.ActiveCfg = Release|x64
		{DA650FF5-85B7-4509-A8A7-951911215275}.Release|x64.Build.0 = Release|x64
		{DA650FF5-85B7-4509-A8A7-951911215275}.Release|x86.ActiveCfg = Release|Win32
		{DA650FF5-85B7-4509-A8A7-951911215275}.Release|x86.Build.0 = Release|Win32
		{F614DFF2-BD8E-4C86-9791-B849C78CD73D}.Debug|x64.ActiveCfg = Debug|x64
		{F614DFF2-BD8E-4C86-9791-B849C78CD73D}.Debug|x64.Build.0 = Debug|x64
		{F614DFF2-BD8E-4C86-9791-B849C78CD73D}.Debug|x86.ActiveCfg = Debug|x64
		{F614DFF2-BD8E-4C86-9791-B849C78CD73D}.Release|x64.ActiveCfg = Release|x64
		{F614DFF2-BD8E-4C86-9791-B849C78CD73D}.Release|x64.Build.0 = Release|x64
		{F614DFF2-BD8E-4C86-9791-B849C78CD73D}.Release|x86.ActiveCfg = Release|x64
		{4FA29687-A240-40F4-9C10-67C7D5F16F23}.Debug|x64.ActiveCfg = Debug|x64
		{4FA29687-A240-40F4-9C10-67C7D5F16F23}.Debug|x64.Build.0 = Debug|x64
		{4FA29687-A240-40F4-9C10-67C7D5F16F23}.Debug|x86.ActiveCfg = Debug|x64
		{4FA29687-A240-40F4-9C10-67C7D5F16F23}.Release|x64.ActiveCfg = Release|x64
		{4FA29687-A240-40F4-9C10-67C7D5F16F23}.Release|x64.Build.0 = Release|x64
		{4FA29687-A240-40F4-9C10-67C7D5F16F23}.Release|x86.ActiveCfg = Release|x64
		{E67BD814-C594-43B2-A69C-F5A85F2678F6}.Debug|x64.ActiveCfg = Debug|x64
		{E67BD814-C594-43B2-A69C-F5A85F2678F6}.Debug|x64.Build.0 = Debug|x64
		{E67BD814-C594-43B2-A69C-F5A85F2678F6}.Debug|x86.ActiveCfg = Debug|x64
		{E67BD814-C594-43B2-A69C-F5A85F2678F6}.Release|x64.ActiveCfg = Release|x64
		{E67BD814-C594-43B2-A69C-F5A85F2678F6}.Release|x64.Build.0 = Release|x64
		{E67BD814-C594-43B2-A69C-F5A85F2678F6}.Release|x86.ActiveCfg = Release|x64
	EndGlobalSection
	GlobalSection(SolutionProperties) = preSolution
		HideSolutionNode = FALSE
	EndGlobalSection
EndGlobal
